
Microsoft Visual Studio Solution File, Format Version 12.00
# Visual Studio Version 17
VisualStudioVersion = 17.9.34723.18
MinimumVisualStudioVersion = 10.0.40219.1
Project("{FAE04EC0-301F-11D3-BF4B-00C04F79EFBC}") = "TopShop2", "TopShop2\TopShop2.csproj", "{F6048F37-D382-42E2-AD1B-38EE3FF82DDE}"
EndProject
Global
	GlobalSection(SolutionConfigurationPlatforms) = preSolution
		Debug|Any CPU = Debug|Any CPU
		Release|Any CPU = Release|Any CPU
	EndGlobalSection
	GlobalSection(ProjectConfigurationPlatforms) = postSolution
		{F6048F37-D382-42E2-AD1B-38EE3FF82DDE}.Debug|Any CPU.ActiveCfg = Debug|Any CPU
		{F6048F37-D382-42E2-AD1B-38EE3FF82DDE}.Debug|Any CPU.Build.0 = Debug|Any CPU
		{F6048F37-D382-42E2-AD1B-38EE3FF82DDE}.Release|Any CPU.ActiveCfg = Release|Any CPU
		{F6048F37-D382-42E2-AD1B-38EE3FF82DDE}.Release|Any CPU.Build.0 = Release|Any CPU
	EndGlobalSection
	GlobalSection(SolutionProperties) = preSolution
		HideSolutionNode = FALSE
	EndGlobalSection
	GlobalSection(ExtensibilityGlobals) = postSolution
		SolutionGuid = {5C5CB9F9-C928-4467-BEDB-C6F39981DE59}
	EndGlobalSection
EndGlobal
